// !$*UTF8*$!
{
	archiveVersion = 1;
	classes = {
	};
	objectVersion = 55;
	objects = {

/* Begin PBXBuildFile section */
		8D6EC03927AD6C4000EDC49D /* AppDelegate.swift in Sources */ = {isa = PBXBuildFile; fileRef = 8D6EC03827AD6C4000EDC49D /* AppDelegate.swift */; };
		8D6EC03B27AD6C4000EDC49D /* SceneDelegate.swift in Sources */ = {isa = PBXBuildFile; fileRef = 8D6EC03A27AD6C4000EDC49D /* SceneDelegate.swift */; };
		8D6EC03D27AD6C4000EDC49D /* ViewController.swift in Sources */ = {isa = PBXBuildFile; fileRef = 8D6EC03C27AD6C4000EDC49D /* ViewController.swift */; };
		8D6EC04027AD6C4000EDC49D /* Main.storyboard in Resources */ = {isa = PBXBuildFile; fileRef = 8D6EC03E27AD6C4000EDC49D /* Main.storyboard */; };
		8D6EC04227AD6C4200EDC49D /* Assets.xcassets in Resources */ = {isa = PBXBuildFile; fileRef = 8D6EC04127AD6C4200EDC49D /* Assets.xcassets */; };
		8D6EC04527AD6C4200EDC49D /* LaunchScreen.storyboard in Resources */ = {isa = PBXBuildFile; fileRef = 8D6EC04327AD6C4200EDC49D /* LaunchScreen.storyboard */; };
		8D6EC05227AD6C8500EDC49D /* It All Ends.jpg in Resources */ = {isa = PBXBuildFile; fileRef = 8D6EC04D27AD6C8500EDC49D /* It All Ends.jpg */; };
		8D6EC05327AD6C8500EDC49D /* SpiderMan.jpg in Resources */ = {isa = PBXBuildFile; fileRef = 8D6EC04E27AD6C8500EDC49D /* SpiderMan.jpg */; };
		8D6EC05427AD6C8500EDC49D /* Venom.jpg in Resources */ = {isa = PBXBuildFile; fileRef = 8D6EC04F27AD6C8500EDC49D /* Venom.jpg */; };
		8D6EC05527AD6C8500EDC49D /* Avengers.jpg in Resources */ = {isa = PBXBuildFile; fileRef = 8D6EC05027AD6C8500EDC49D /* Avengers.jpg */; };
		8D6EC05627AD6C8500EDC49D /* Morbius.jpg in Resources */ = {isa = PBXBuildFile; fileRef = 8D6EC05127AD6C8500EDC49D /* Morbius.jpg */; };
		8D6EC05827AD7BEB00EDC49D /* ImageShow.swift in Sources */ = {isa = PBXBuildFile; fileRef = 8D6EC05727AD7BEB00EDC49D /* ImageShow.swift */; };
/* End PBXBuildFile section */

/* Begin PBXFileReference section */
		8D6EC03527AD6C4000EDC49D /* FileMnagerImages.app */ = {isa = PBXFileReference; explicitFileType = wrapper.application; includeInIndex = 0; path = FileMnagerImages.app; sourceTree = BUILT_PRODUCTS_DIR; };
		8D6EC03827AD6C4000EDC49D /* AppDelegate.swift */ = {isa = PBXFileReference; lastKnownFileType = sourcecode.swift; path = AppDelegate.swift; sourceTree = "<group>"; };
		8D6EC03A27AD6C4000EDC49D /* SceneDelegate.swift */ = {isa = PBXFileReference; lastKnownFileType = sourcecode.swift; path = SceneDelegate.swift; sourceTree = "<group>"; };
		8D6EC03C27AD6C4000EDC49D /* ViewController.swift */ = {isa = PBXFileReference; lastKnownFileType = sourcecode.swift; path = ViewController.swift; sourceTree = "<group>"; };
		8D6EC03F27AD6C4000EDC49D /* Base */ = {isa = PBXFileReference; lastKnownFileType = file.storyboard; name = Base; path = Base.lproj/Main.storyboard; sourceTree = "<group>"; };
		8D6EC04127AD6C4200EDC49D /* Assets.xcassets */ = {isa = PBXFileReference; lastKnownFileType = folder.assetcatalog; path = Assets.xcassets; sourceTree = "<group>"; };
		8D6EC04427AD6C4200EDC49D /* Base */ = {isa = PBXFileReference; lastKnownFileType = file.storyboard; name = Base; path = Base.lproj/LaunchScreen.storyboard; sourceTree = "<group>"; };
		8D6EC04627AD6C4200EDC49D /* Info.plist */ = {isa = PBXFileReference; lastKnownFileType = text.plist.xml; path = Info.plist; sourceTree = "<group>"; };
		8D6EC04D27AD6C8500EDC49D /* It All Ends.jpg */ = {isa = PBXFileReference; lastKnownFileType = image.jpeg; path = "It All Ends.jpg"; sourceTree = "<group>"; };
		8D6EC04E27AD6C8500EDC49D /* SpiderMan.jpg */ = {isa = PBXFileReference; lastKnownFileType = image.jpeg; path = SpiderMan.jpg; sourceTree = "<group>"; };
		8D6EC04F27AD6C8500EDC49D /* Venom.jpg */ = {isa = PBXFileReference; lastKnownFileType = image.jpeg; path = Venom.jpg; sourceTree = "<group>"; };
		8D6EC05027AD6C8500EDC49D /* Avengers.jpg */ = {isa = PBXFileReference; lastKnownFileType = image.jpeg; path = Avengers.jpg; sourceTree = "<group>"; };
		8D6EC05127AD6C8500EDC49D /* Morbius.jpg */ = {isa = PBXFileReference; lastKnownFileType = image.jpeg; path = Morbius.jpg; sourceTree = "<group>"; };
		8D6EC05727AD7BEB00EDC49D /* ImageShow.swift */ = {isa = PBXFileReference; lastKnownFileType = sourcecode.swift; path = ImageShow.swift; sourceTree = "<group>"; };
/* End PBXFileReference section */

/* Begin PBXFrameworksBuildPhase section */
		8D6EC03227AD6C4000EDC49D /* Frameworks */ = {
			isa = PBXFrameworksBuildPhase;
			buildActionMask = 2147483647;
			files = (
			);
			runOnlyForDeploymentPostprocessing = 0;
		};
/* End PBXFrameworksBuildPhase section */

/* Begin PBXGroup section */
		8D6EC02C27AD6C4000EDC49D = {
			isa = PBXGroup;
			children = (
				8D6EC03727AD6C4000EDC49D /* FileMnagerImages */,
				8D6EC03627AD6C4000EDC49D /* Products */,
			);
			sourceTree = "<group>";
		};
		8D6EC03627AD6C4000EDC49D /* Products */ = {
			isa = PBXGroup;
			children = (
				8D6EC03527AD6C4000EDC49D /* FileMnagerImages.app */,
			);
			name = Products;
			sourceTree = "<group>";
		};
		8D6EC03727AD6C4000EDC49D /* FileMnagerImages */ = {
			isa = PBXGroup;
			children = (
				8D6EC03827AD6C4000EDC49D /* AppDelegate.swift */,
				8D6EC03A27AD6C4000EDC49D /* SceneDelegate.swift */,
				8D6EC03C27AD6C4000EDC49D /* ViewController.swift */,
				8D6EC03E27AD6C4000EDC49D /* Main.storyboard */,
				8D6EC04127AD6C4200EDC49D /* Assets.xcassets */,
				8D6EC04327AD6C4200EDC49D /* LaunchScreen.storyboard */,
				8D6EC04627AD6C4200EDC49D /* Info.plist */,
				8D6EC04C27AD6C8500EDC49D /* images */,
				8D6EC05727AD7BEB00EDC49D /* ImageShow.swift */,
			);
			path = FileMnagerImages;
			sourceTree = "<group>";
		};
		8D6EC04C27AD6C8500EDC49D /* images */ = {
			isa = PBXGroup;
			children = (
				8D6EC04D27AD6C8500EDC49D /* It All Ends.jpg */,
				8D6EC04E27AD6C8500EDC49D /* SpiderMan.jpg */,
				8D6EC04F27AD6C8500EDC49D /* Venom.jpg */,
				8D6EC05027AD6C8500EDC49D /* Avengers.jpg */,
				8D6EC05127AD6C8500EDC49D /* Morbius.jpg */,
			);
			name = images;
			path = ../../images;
			sourceTree = "<group>";
		};
/* End PBXGroup section */

/* Begin PBXNativeTarget section */
		8D6EC03427AD6C4000EDC49D /* FileMnagerImages */ = {
			isa = PBXNativeTarget;
			buildConfigurationList = 8D6EC04927AD6C4200EDC49D /* Build configuration list for PBXNativeTarget "FileMnagerImages" */;
			buildPhases = (
				8D6EC03127AD6C4000EDC49D /* Sources */,
				8D6EC03227AD6C4000EDC49D /* Frameworks */,
				8D6EC03327AD6C4000EDC49D /* Resources */,
			);
			buildRules = (
			);
			dependencies = (
			);
			name = FileMnagerImages;
			productName = FileMnagerImages;
			productReference = 8D6EC03527AD6C4000EDC49D /* FileMnagerImages.app */;
			productType = "com.apple.product-type.application";
		};
/* End PBXNativeTarget section */

/* Begin PBXProject section */
		8D6EC02D27AD6C4000EDC49D /* Project object */ = {
			isa = PBXProject;
			attributes = {
				BuildIndependentTargetsInParallel = 1;
				LastSwiftUpdateCheck = 1310;
				LastUpgradeCheck = 1310;
				TargetAttributes = {
					8D6EC03427AD6C4000EDC49D = {
						CreatedOnToolsVersion = 13.1;
					};
				};
			};
			buildConfigurationList = 8D6EC03027AD6C4000EDC49D /* Build configuration list for PBXProject "FileMnagerImages" */;
			compatibilityVersion = "Xcode 13.0";
			developmentRegion = en;
			hasScannedForEncodings = 0;
			knownRegions = (
				en,
				Base,
			);
			mainGroup = 8D6EC02C27AD6C4000EDC49D;
			productRefGroup = 8D6EC03627AD6C4000EDC49D /* Products */;
			projectDirPath = "";
			projectRoot = "";
			targets = (
				8D6EC03427AD6C4000EDC49D /* FileMnagerImages */,
			);
		};
/* End PBXProject section */

/* Begin PBXResourcesBuildPhase section */
		8D6EC03327AD6C4000EDC49D /* Resources */ = {
			isa = PBXResourcesBuildPhase;
			buildActionMask = 2147483647;
			files = (
				8D6EC05527AD6C8500EDC49D /* Avengers.jpg in Resources */,
				8D6EC04527AD6C4200EDC49D /* LaunchScreen.storyboard in Resources */,
				8D6EC04227AD6C4200EDC49D /* Assets.xcassets in Resources */,
				8D6EC05627AD6C8500EDC49D /* Morbius.jpg in Resources */,
				8D6EC05327AD6C8500EDC49D /* SpiderMan.jpg in Resources */,
				8D6EC05227AD6C8500EDC49D /* It All Ends.jpg in Resources */,
				8D6EC04027AD6C4000EDC49D /* Main.storyboard in Resources */,
				8D6EC05427AD6C8500EDC49D /* Venom.jpg in Resources */,
			);
			runOnlyForDeploymentPostprocessing = 0;
		};
/* End PBXResourcesBuildPhase section */

/* Begin PBXSourcesBuildPhase section */
		8D6EC03127AD6C4000EDC49D /* Sources */ = {
			isa = PBXSourcesBuildPhase;
			buildActionMask = 2147483647;
			files = (
				8D6EC03D27AD6C4000EDC49D /* ViewController.swift in Sources */,
				8D6EC03927AD6C4000EDC49D /* AppDelegate.swift in Sources */,
				8D6EC05827AD7BEB00EDC49D /* ImageShow.swift in Sources */,
				8D6EC03B27AD6C4000EDC49D /* SceneDelegate.swift in Sources */,
			);
			runOnlyForDeploymentPostprocessing = 0;
		};
/* End PBXSourcesBuildPhase section */

/* Begin PBXVariantGroup section */
		8D6EC03E27AD6C4000EDC49D /* Main.storyboard */ = {
			isa = PBXVariantGroup;
			children = (
				8D6EC03F27AD6C4000EDC49D /* Base */,
			);
			name = Main.storyboard;
			sourceTree = "<group>";
		};
		8D6EC04327AD6C4200EDC49D /* LaunchScreen.storyboard */ = {
			isa = PBXVariantGroup;
			children = (
				8D6EC04427AD6C4200EDC49D /* Base */,
			);
			name = LaunchScreen.storyboard;
			sourceTree = "<group>";
		};
/* End PBXVariantGroup section */

/* Begin XCBuildConfiguration section */
		8D6EC04727AD6C4200EDC49D /* Debug */ = {
			isa = XCBuildConfiguration;
			buildSettings = {
				ALWAYS_SEARCH_USER_PATHS = NO;
				CLANG_ANALYZER_NONNULL = YES;
				CLANG_ANALYZER_NUMBER_OBJECT_CONVERSION = YES_AGGRESSIVE;
				CLANG_CXX_LANGUAGE_STANDARD = "gnu++17";
				CLANG_CXX_LIBRARY = "libc++";
				CLANG_ENABLE_MODULES = YES;
				CLANG_ENABLE_OBJC_ARC = YES;
				CLANG_ENABLE_OBJC_WEAK = YES;
				CLANG_WARN_BLOCK_CAPTURE_AUTORELEASING = YES;
				CLANG_WARN_BOOL_CONVERSION = YES;
				CLANG_WARN_COMMA = YES;
				CLANG_WARN_CONSTANT_CONVERSION = YES;
				CLANG_WARN_DEPRECATED_OBJC_IMPLEMENTATIONS = YES;
				CLANG_WARN_DIRECT_OBJC_ISA_USAGE = YES_ERROR;
				CLANG_WARN_DOCUMENTATION_COMMENTS = YES;
				CLANG_WARN_EMPTY_BODY = YES;
				CLANG_WARN_ENUM_CONVERSION = YES;
				CLANG_WARN_INFINITE_RECURSION = YES;
				CLANG_WARN_INT_CONVERSION = YES;
				CLANG_WARN_NON_LITERAL_NULL_CONVERSION = YES;
				CLANG_WARN_OBJC_IMPLICIT_RETAIN_SELF = YES;
				CLANG_WARN_OBJC_LITERAL_CONVERSION = YES;
				CLANG_WARN_OBJC_ROOT_CLASS = YES_ERROR;
				CLANG_WARN_QUOTED_INCLUDE_IN_FRAMEWORK_HEADER = YES;
				CLANG_WARN_RANGE_LOOP_ANALYSIS = YES;
				CLANG_WARN_STRICT_PROTOTYPES = YES;
				CLANG_WARN_SUSPICIOUS_MOVE = YES;
				CLANG_WARN_UNGUARDED_AVAILABILITY = YES_AGGRESSIVE;
				CLANG_WARN_UNREACHABLE_CODE = YES;
				CLANG_WARN__DUPLICATE_METHOD_MATCH = YES;
				COPY_PHASE_STRIP = NO;
				DEBUG_INFORMATION_FORMAT = dwarf;
				ENABLE_STRICT_OBJC_MSGSEND = YES;
				ENABLE_TESTABILITY = YES;
				GCC_C_LANGUAGE_STANDARD = gnu11;
				GCC_DYNAMIC_NO_PIC = NO;
				GCC_NO_COMMON_BLOCKS = YES;
				GCC_OPTIMIZATION_LEVEL = 0;
				GCC_PREPROCESSOR_DEFINITIONS = (
					"DEBUG=1",
					"$(inherited)",
				);
				GCC_WARN_64_TO_32_BIT_CONVERSION = YES;
				GCC_WARN_ABOUT_RETURN_TYPE = YES_ERROR;
				GCC_WARN_UNDECLARED_SELECTOR = YES;
				GCC_WARN_UNINITIALIZED_AUTOS = YES_AGGRESSIVE;
				GCC_WARN_UNUSED_FUNCTION = YES;
				GCC_WARN_UNUSED_VARIABLE = YES;
				IPHONEOS_DEPLOYMENT_TARGET = 15.0;
				MTL_ENABLE_DEBUG_INFO = INCLUDE_SOURCE;
				MTL_FAST_MATH = YES;
				ONLY_ACTIVE_ARCH = YES;
				SDKROOT = iphoneos;
				SWIFT_ACTIVE_COMPILATION_CONDITIONS = DEBUG;
				SWIFT_OPTIMIZATION_LEVEL = "-Onone";
			};
			name = Debug;
		};
		8D6EC04827AD6C4200EDC49D /* Release */ = {
			isa = XCBuildConfiguration;
			buildSettings = {
				ALWAYS_SEARCH_USER_PATHS = NO;
				CLANG_ANALYZER_NONNULL = YES;
				CLANG_ANALYZER_NUMBER_OBJECT_CONVERSION = YES_AGGRESSIVE;
				CLANG_CXX_LANGUAGE_STANDARD = "gnu++17";
				CLANG_CXX_LIBRARY = "libc++";
				CLANG_ENABLE_MODULES = YES;
				CLANG_ENABLE_OBJC_ARC = YES;
				CLANG_ENABLE_OBJC_WEAK = YES;
				CLANG_WARN_BLOCK_CAPTURE_AUTORELEASING = YES;
				CLANG_WARN_BOOL_CONVERSION = YES;
				CLANG_WARN_COMMA = YES;
				CLANG_WARN_CONSTANT_CONVERSION = YES;
				CLANG_WARN_DEPRECATED_OBJC_IMPLEMENTATIONS = YES;
				CLANG_WARN_DIRECT_OBJC_ISA_USAGE = YES_ERROR;
				CLANG_WARN_DOCUMENTATION_COMMENTS = YES;
				CLANG_WARN_EMPTY_BODY = YES;
				CLANG_WARN_ENUM_CONVERSION = YES;
				CLANG_WARN_INFINITE_RECURSION = YES;
				CLANG_WARN_INT_CONVERSION = YES;
				CLANG_WARN_NON_LITERAL_NULL_CONVERSION = YES;
				CLANG_WARN_OBJC_IMPLICIT_RETAIN_SELF = YES;
				CLANG_WARN_OBJC_LITERAL_CONVERSION = YES;
				CLANG_WARN_OBJC_ROOT_CLASS = YES_ERROR;
				CLANG_WARN_QUOTED_INCLUDE_IN_FRAMEWORK_HEADER = YES;
				CLANG_WARN_RANGE_LOOP_ANALYSIS = YES;
				CLANG_WARN_STRICT_PROTOTYPES = YES;
				CLANG_WARN_SUSPICIOUS_MOVE = YES;
				CLANG_WARN_UNGUARDED_AVAILABILITY = YES_AGGRESSIVE;
				CLANG_WARN_UNREACHABLE_CODE = YES;
				CLANG_WARN__DUPLICATE_METHOD_MATCH = YES;
				COPY_PHASE_STRIP = NO;
				DEBUG_INFORMATION_FORMAT = "dwarf-with-dsym";
				ENABLE_NS_ASSERTIONS = NO;
				ENABLE_STRICT_OBJC_MSGSEND = YES;
				GCC_C_LANGUAGE_STANDARD = gnu11;
				GCC_NO_COMMON_BLOCKS = YES;
				GCC_WARN_64_TO_32_BIT_CONVERSION = YES;
				GCC_WARN_ABOUT_RETURN_TYPE = YES_ERROR;
				GCC_WARN_UNDECLARED_SELECTOR = YES;
				GCC_WARN_UNINITIALIZED_AUTOS = YES_AGGRESSIVE;
				GCC_WARN_UNUSED_FUNCTION = YES;
				GCC_WARN_UNUSED_VARIABLE = YES;
				IPHONEOS_DEPLOYMENT_TARGET = 15.0;
				MTL_ENABLE_DEBUG_INFO = NO;
				MTL_FAST_MATH = YES;
				SDKROOT = iphoneos;
				SWIFT_COMPILATION_MODE = wholemodule;
				SWIFT_OPTIMIZATION_LEVEL = "-O";
				VALIDATE_PRODUCT = YES;
			};
			name = Release;
		};
		8D6EC04A27AD6C4200EDC49D /* Debug */ = {
			isa = XCBuildConfiguration;
			buildSettings = {
				ASSETCATALOG_COMPILER_APPICON_NAME = AppIcon;
				ASSETCATALOG_COMPILER_GLOBAL_ACCENT_COLOR_NAME = AccentColor;
				CODE_SIGN_STYLE = Automatic;
				CURRENT_PROJECT_VERSION = 1;
				GENERATE_INFOPLIST_FILE = YES;
				INFOPLIST_FILE = FileMnagerImages/Info.plist;
				INFOPLIST_KEY_UIApplicationSupportsIndirectInputEvents = YES;
				INFOPLIST_KEY_UILaunchStoryboardName = LaunchScreen;
				INFOPLIST_KEY_UIMainStoryboardFile = Main;
				INFOPLIST_KEY_UISupportedInterfaceOrientations_iPad = "UIInterfaceOrientationPortrait UIInterfaceOrientationPortraitUpsideDown UIInterfaceOrientationLandscapeLeft UIInterfaceOrientationLandscapeRight";
				INFOPLIST_KEY_UISupportedInterfaceOrientations_iPhone = "UIInterfaceOrientationPortrait UIInterfaceOrientationLandscapeLeft UIInterfaceOrientationLandscapeRight";
				LD_RUNPATH_SEARCH_PATHS = (
					"$(inherited)",
					"@executable_path/Frameworks",
				);
				MARKETING_VERSION = 1.0;
				PRODUCT_BUNDLE_IDENTIFIER = iti.FileMnagerImages;
				PRODUCT_NAME = "$(TARGET_NAME)";
				SWIFT_EMIT_LOC_STRINGS = YES;
				SWIFT_VERSION = 5.0;
				TARGETED_DEVICE_FAMILY = "1,2";
			};
			name = Debug;
		};
		8D6EC04B27AD6C4200EDC49D /* Release */ = {
			isa = XCBuildConfiguration;
			buildSettings = {
				ASSETCATALOG_COMPILER_APPICON_NAME = AppIcon;
				ASSETCATALOG_COMPILER_GLOBAL_ACCENT_COLOR_NAME = AccentColor;
				CODE_SIGN_STYLE = Automatic;
				CURRENT_PROJECT_VERSION = 1;
				GENERATE_INFOPLIST_FILE = YES;
				INFOPLIST_FILE = FileMnagerImages/Info.plist;
				INFOPLIST_KEY_UIApplicationSupportsIndirectInputEvents = YES;
				INFOPLIST_KEY_UILaunchStoryboardName = LaunchScreen;
				INFOPLIST_KEY_UIMainStoryboardFile = Main;
				INFOPLIST_KEY_UISupportedInterfaceOrientations_iPad = "UIInterfaceOrientationPortrait UIInterfaceOrientationPortraitUpsideDown UIInterfaceOrientationLandscapeLeft UIInterfaceOrientationLandscapeRight";
				INFOPLIST_KEY_UISupportedInterfaceOrientations_iPhone = "UIInterfaceOrientationPortrait UIInterfaceOrientationLandscapeLeft UIInterfaceOrientationLandscapeRight";
				LD_RUNPATH_SEARCH_PATHS = (
					"$(inherited)",
					"@executable_path/Frameworks",
				);
				MARKETING_VERSION = 1.0;
				PRODUCT_BUNDLE_IDENTIFIER = iti.FileMnagerImages;
				PRODUCT_NAME = "$(TARGET_NAME)";
				SWIFT_EMIT_LOC_STRINGS = YES;
				SWIFT_VERSION = 5.0;
				TARGETED_DEVICE_FAMILY = "1,2";
			};
			name = Release;
		};
/* End XCBuildConfiguration section */

/* Begin XCConfigurationList section */
		8D6EC03027AD6C4000EDC49D /* Build configuration list for PBXProject "FileMnagerImages" */ = {
			isa = XCConfigurationList;
			buildConfigurations = (
				8D6EC04727AD6C4200EDC49D /* Debug */,
				8D6EC04827AD6C4200EDC49D /* Release */,
			);
			defaultConfigurationIsVisible = 0;
			defaultConfigurationName = Release;
		};
		8D6EC04927AD6C4200EDC49D /* Build configuration list for PBXNativeTarget "FileMnagerImages" */ = {
			isa = XCConfigurationList;
			buildConfigurations = (
				8D6EC04A27AD6C4200EDC49D /* Debug */,
				8D6EC04B27AD6C4200EDC49D /* Release */,
			);
			defaultConfigurationIsVisible = 0;
			defaultConfigurationName = Release;
		};
/* End XCConfigurationList section */
	};
	rootObject = 8D6EC02D27AD6C4000EDC49D /* Project object */;
}
